{
  "version": 4,
  "terraform_version": "1.2.6",
  "serial": 13,
  "lineage": "5cef5237-ae95-8c47-e9dc-0d8c5338a1f5",
  "outputs": {},
  "resources": [
    {
      "mode": "managed",
      "type": "google_compute_instance",
      "name": "private-vm",
      "provider": "provider[\"registry.terraform.io/hashicorp/google\"]",
      "instances": [
        {
          "schema_version": 6,
          "attributes": {
            "advanced_machine_features": [],
            "allow_stopping_for_update": true,
            "attached_disk": [],
            "boot_disk": [
              {
                "auto_delete": true,
                "device_name": "persistent-disk-0",
                "disk_encryption_key_raw": "",
                "disk_encryption_key_sha256": "",
                "initialize_params": [
                  {
                    "image": "https://www.googleapis.com/compute/v1/projects/ubuntu-os-cloud/global/images/ubuntu-2004-focal-v20220712",
                    "labels": {},
                    "size": 10,
                    "type": "pd-standard"
                  }
                ],
                "kms_key_self_link": "",
                "mode": "READ_WRITE",
                "source": "https://www.googleapis.com/compute/v1/projects/versatile-bolt-354107/zones/us-central1-a/disks/private-vm"
              }
            ],
            "can_ip_forward": false,
            "confidential_instance_config": [],
            "cpu_platform": "Intel Broadwell",
            "current_status": "RUNNING",
            "deletion_protection": false,
            "description": "this private vm is a bastion for the GKE cluster control plane",
            "desired_status": "RUNNING",
            "enable_display": false,
            "guest_accelerator": [],
            "hostname": "",
            "id": "projects/versatile-bolt-354107/zones/us-central1-a/instances/private-vm",
            "instance_id": "5232096469855100877",
            "label_fingerprint": "42WmSpB8rSM=",
            "labels": null,
            "machine_type": "e2-micro",
            "metadata": null,
            "metadata_fingerprint": "WR7wXmIlo9E=",
            "metadata_startup_script": null,
            "min_cpu_platform": "",
            "name": "private-vm",
            "network_interface": [
              {
                "access_config": [],
                "alias_ip_range": [],
                "ipv6_access_config": [],
                "ipv6_access_type": "",
                "name": "nic0",
                "network": "https://www.googleapis.com/compute/v1/projects/versatile-bolt-354107/global/networks/playground",
                "network_ip": "10.0.1.2",
                "nic_type": "",
                "queue_count": 0,
                "stack_type": "IPV4_ONLY",
                "subnetwork": "https://www.googleapis.com/compute/v1/projects/versatile-bolt-354107/regions/us-central1/subnetworks/managed",
                "subnetwork_project": "versatile-bolt-354107"
              }
            ],
            "project": "versatile-bolt-354107",
            "reservation_affinity": [],
            "resource_policies": null,
            "scheduling": [
              {
                "automatic_restart": true,
                "instance_termination_action": "",
                "min_node_cpus": 0,
                "node_affinities": [],
                "on_host_maintenance": "MIGRATE",
                "preemptible": false,
                "provisioning_model": "STANDARD"
              }
            ],
            "scratch_disk": [],
            "self_link": "https://www.googleapis.com/compute/v1/projects/versatile-bolt-354107/zones/us-central1-a/instances/private-vm",
            "service_account": [
              {
                "email": "bastion-sa@versatile-bolt-354107.iam.gserviceaccount.com",
                "scopes": [
                  "https://www.googleapis.com/auth/cloud-platform"
                ]
              }
            ],
            "shielded_instance_config": [
              {
                "enable_integrity_monitoring": true,
                "enable_secure_boot": false,
                "enable_vtpm": true
              }
            ],
            "tags": [
              "bastion"
            ],
            "tags_fingerprint": "NfTTNVh6sLU=",
            "timeouts": null,
            "zone": "us-central1-a"
          },
          "sensitive_attributes": [],
          "private": "eyJlMmJmYjczMC1lY2FhLTExZTYtOGY4OC0zNDM2M2JjN2M0YzAiOnsiY3JlYXRlIjoxMjAwMDAwMDAwMDAwLCJkZWxldGUiOjEyMDAwMDAwMDAwMDAsInVwZGF0ZSI6MTIwMDAwMDAwMDAwMH0sInNjaGVtYV92ZXJzaW9uIjoiNiJ9",
          "dependencies": [
            "google_service_account.bastion-sa",
            "module.network.google_compute_network.playground",
            "module.network.google_compute_subnetwork.managed"
          ]
        }
      ]
    },
    {
      "mode": "managed",
      "type": "google_container_node_pool",
      "name": "mycluster_nodes",
      "provider": "provider[\"registry.terraform.io/hashicorp/google\"]",
      "instances": []
    },
    {
      "mode": "managed",
      "type": "google_project_iam_binding",
      "name": "bastion-sa-binding",
      "provider": "provider[\"registry.terraform.io/hashicorp/google\"]",
      "instances": [
        {
          "schema_version": 0,
          "attributes": {
            "condition": [],
            "etag": "BwXk+UktB+o=",
            "id": "versatile-bolt-354107/roles/container.admin",
            "members": [
              "serviceAccount:bastion-sa@versatile-bolt-354107.iam.gserviceaccount.com"
            ],
            "project": "versatile-bolt-354107",
            "role": "roles/container.admin"
          },
          "sensitive_attributes": [],
          "private": "bnVsbA==",
          "dependencies": [
            "google_service_account.bastion-sa"
          ]
        }
      ]
    },
    {
      "mode": "managed",
      "type": "google_project_iam_binding",
      "name": "k8s-sa-binding",
      "provider": "provider[\"registry.terraform.io/hashicorp/google\"]",
      "instances": [
        {
          "schema_version": 0,
          "attributes": {
            "condition": [],
            "etag": "BwXk+UktB+o=",
            "id": "versatile-bolt-354107/roles/storage.admin",
            "members": [
              "serviceAccount:k8s-sa@versatile-bolt-354107.iam.gserviceaccount.com"
            ],
            "project": "versatile-bolt-354107",
            "role": "roles/storage.admin"
          },
          "sensitive_attributes": [],
          "private": "bnVsbA==",
          "dependencies": [
            "google_service_account.k8s-sa"
          ]
        }
      ]
    },
    {
      "mode": "managed",
      "type": "google_service_account",
      "name": "bastion-sa",
      "provider": "provider[\"registry.terraform.io/hashicorp/google\"]",
      "instances": [
        {
          "schema_version": 0,
          "attributes": {
            "account_id": "bastion-sa",
            "description": "",
            "disabled": false,
            "display_name": "bastion-sa",
            "email": "bastion-sa@versatile-bolt-354107.iam.gserviceaccount.com",
            "id": "projects/versatile-bolt-354107/serviceAccounts/bastion-sa@versatile-bolt-354107.iam.gserviceaccount.com",
            "name": "projects/versatile-bolt-354107/serviceAccounts/bastion-sa@versatile-bolt-354107.iam.gserviceaccount.com",
            "project": "versatile-bolt-354107",
            "timeouts": null,
            "unique_id": "115217067619849746019"
          },
          "sensitive_attributes": [],
          "private": "eyJlMmJmYjczMC1lY2FhLTExZTYtOGY4OC0zNDM2M2JjN2M0YzAiOnsiY3JlYXRlIjozMDAwMDAwMDAwMDB9fQ=="
        }
      ]
    },
    {
      "mode": "managed",
      "type": "google_service_account",
      "name": "k8s-sa",
      "provider": "provider[\"registry.terraform.io/hashicorp/google\"]",
      "instances": [
        {
          "schema_version": 0,
          "attributes": {
            "account_id": "k8s-sa",
            "description": "",
            "disabled": false,
            "display_name": "k8s-sa",
            "email": "k8s-sa@versatile-bolt-354107.iam.gserviceaccount.com",
            "id": "projects/versatile-bolt-354107/serviceAccounts/k8s-sa@versatile-bolt-354107.iam.gserviceaccount.com",
            "name": "projects/versatile-bolt-354107/serviceAccounts/k8s-sa@versatile-bolt-354107.iam.gserviceaccount.com",
            "project": "versatile-bolt-354107",
            "timeouts": null,
            "unique_id": "101679619853985479383"
          },
          "sensitive_attributes": [],
          "private": "eyJlMmJmYjczMC1lY2FhLTExZTYtOGY4OC0zNDM2M2JjN2M0YzAiOnsiY3JlYXRlIjozMDAwMDAwMDAwMDB9fQ=="
        }
      ]
    },
    {
      "module": "module.network",
      "mode": "managed",
      "type": "google_compute_firewall",
      "name": "allow-ssh",
      "provider": "provider[\"registry.terraform.io/hashicorp/google\"]",
      "instances": [
        {
          "schema_version": 1,
          "attributes": {
            "allow": [
              {
                "ports": [
                  "22"
                ],
                "protocol": "tcp"
              }
            ],
            "creation_timestamp": "2022-07-29T15:37:08.165-07:00",
            "deny": [],
            "description": "SSH firewall rule targeting bastion instances",
            "destination_ranges": [],
            "direction": "INGRESS",
            "disabled": false,
            "enable_logging": null,
            "id": "projects/versatile-bolt-354107/global/firewalls/allow-ssh",
            "log_config": [],
            "name": "allow-ssh",
            "network": "https://www.googleapis.com/compute/v1/projects/versatile-bolt-354107/global/networks/playground",
            "priority": 1000,
            "project": "versatile-bolt-354107",
            "self_link": "https://www.googleapis.com/compute/v1/projects/versatile-bolt-354107/global/firewalls/allow-ssh",
            "source_ranges": [
              "35.235.240.0/20"
            ],
            "source_service_accounts": null,
            "source_tags": null,
            "target_service_accounts": null,
            "target_tags": [
              "bastion"
            ],
            "timeouts": null
          },
          "sensitive_attributes": [],
          "private": "eyJlMmJmYjczMC1lY2FhLTExZTYtOGY4OC0zNDM2M2JjN2M0YzAiOnsiY3JlYXRlIjoxMjAwMDAwMDAwMDAwLCJkZWxldGUiOjEyMDAwMDAwMDAwMDAsInVwZGF0ZSI6MTIwMDAwMDAwMDAwMH0sInNjaGVtYV92ZXJzaW9uIjoiMSJ9",
          "dependencies": [
            "module.network.google_compute_network.playground"
          ]
        }
      ]
    },
    {
      "module": "module.network",
      "mode": "managed",
      "type": "google_compute_network",
      "name": "playground",
      "provider": "provider[\"registry.terraform.io/hashicorp/google\"]",
      "instances": [
        {
          "schema_version": 0,
          "attributes": {
            "auto_create_subnetworks": false,
            "delete_default_routes_on_create": true,
            "description": "",
            "enable_ula_internal_ipv6": false,
            "gateway_ipv4": "",
            "id": "projects/versatile-bolt-354107/global/networks/playground",
            "internal_ipv6_range": "",
            "mtu": 1460,
            "name": "playground",
            "project": "versatile-bolt-354107",
            "routing_mode": "REGIONAL",
            "self_link": "https://www.googleapis.com/compute/v1/projects/versatile-bolt-354107/global/networks/playground",
            "timeouts": null
          },
          "sensitive_attributes": [],
          "private": "eyJlMmJmYjczMC1lY2FhLTExZTYtOGY4OC0zNDM2M2JjN2M0YzAiOnsiY3JlYXRlIjoxMjAwMDAwMDAwMDAwLCJkZWxldGUiOjEyMDAwMDAwMDAwMDAsInVwZGF0ZSI6MTIwMDAwMDAwMDAwMH19"
        }
      ]
    },
    {
      "module": "module.network",
      "mode": "managed",
      "type": "google_compute_router",
      "name": "playground-router",
      "provider": "provider[\"registry.terraform.io/hashicorp/google\"]",
      "instances": [
        {
          "schema_version": 0,
          "attributes": {
            "bgp": [
              {
                "advertise_mode": "CUSTOM",
                "advertised_groups": [
                  "ALL_SUBNETS"
                ],
                "advertised_ip_ranges": [
                  {
                    "description": "",
                    "range": "10.0.1.0/24"
                  }
                ],
                "asn": 64514,
                "keepalive_interval": 20
              }
            ],
            "creation_timestamp": "2022-07-29T15:37:21.006-07:00",
            "description": "playground vpc router",
            "encrypted_interconnect_router": false,
            "id": "projects/versatile-bolt-354107/regions/us-central1/routers/playground-router",
            "name": "playground-router",
            "network": "https://www.googleapis.com/compute/v1/projects/versatile-bolt-354107/global/networks/playground",
            "project": "versatile-bolt-354107",
            "region": "us-central1",
            "self_link": "https://www.googleapis.com/compute/v1/projects/versatile-bolt-354107/regions/us-central1/routers/playground-router",
            "timeouts": null
          },
          "sensitive_attributes": [],
          "private": "eyJlMmJmYjczMC1lY2FhLTExZTYtOGY4OC0zNDM2M2JjN2M0YzAiOnsiY3JlYXRlIjoxMjAwMDAwMDAwMDAwLCJkZWxldGUiOjEyMDAwMDAwMDAwMDAsInVwZGF0ZSI6MTIwMDAwMDAwMDAwMH19",
          "dependencies": [
            "module.network.google_compute_network.playground",
            "module.network.google_compute_subnetwork.managed"
          ]
        }
      ]
    },
    {
      "module": "module.network",
      "mode": "managed",
      "type": "google_compute_router_nat",
      "name": "playground-nat",
      "provider": "provider[\"registry.terraform.io/hashicorp/google\"]",
      "instances": [
        {
          "schema_version": 0,
          "attributes": {
            "drain_nat_ips": null,
            "enable_dynamic_port_allocation": false,
            "enable_endpoint_independent_mapping": true,
            "icmp_idle_timeout_sec": 30,
            "id": "versatile-bolt-354107/us-central1/playground-router/playground-nat",
            "log_config": [
              {
                "enable": false,
                "filter": "ERRORS_ONLY"
              }
            ],
            "max_ports_per_vm": 0,
            "min_ports_per_vm": 0,
            "name": "playground-nat",
            "nat_ip_allocate_option": "AUTO_ONLY",
            "nat_ips": null,
            "project": "versatile-bolt-354107",
            "region": "us-central1",
            "router": "playground-router",
            "source_subnetwork_ip_ranges_to_nat": "LIST_OF_SUBNETWORKS",
            "subnetwork": [
              {
                "name": "projects/versatile-bolt-354107/regions/us-central1/subnetworks/managed",
                "secondary_ip_range_names": [],
                "source_ip_ranges_to_nat": [
                  "ALL_IP_RANGES"
                ]
              }
            ],
            "tcp_established_idle_timeout_sec": 1200,
            "tcp_transitory_idle_timeout_sec": 30,
            "timeouts": null,
            "udp_idle_timeout_sec": 30
          },
          "sensitive_attributes": [],
          "private": "eyJlMmJmYjczMC1lY2FhLTExZTYtOGY4OC0zNDM2M2JjN2M0YzAiOnsiY3JlYXRlIjoxMjAwMDAwMDAwMDAwLCJkZWxldGUiOjEyMDAwMDAwMDAwMDAsInVwZGF0ZSI6MTIwMDAwMDAwMDAwMH19",
          "dependencies": [
            "module.network.google_compute_network.playground",
            "module.network.google_compute_router.playground-router",
            "module.network.google_compute_subnetwork.managed"
          ]
        }
      ]
    },
    {
      "module": "module.network",
      "mode": "managed",
      "type": "google_compute_subnetwork",
      "name": "managed",
      "provider": "provider[\"registry.terraform.io/hashicorp/google\"]",
      "instances": [
        {
          "schema_version": 0,
          "attributes": {
            "creation_timestamp": "2022-07-29T15:37:08.691-07:00",
            "description": "private subnet with NAT and bastion server",
            "external_ipv6_prefix": "",
            "fingerprint": null,
            "gateway_address": "10.0.1.1",
            "id": "projects/versatile-bolt-354107/regions/us-central1/subnetworks/managed",
            "ip_cidr_range": "10.0.1.0/24",
            "ipv6_access_type": "",
            "ipv6_cidr_range": "",
            "log_config": [],
            "name": "managed",
            "network": "https://www.googleapis.com/compute/v1/projects/versatile-bolt-354107/global/networks/playground",
            "private_ip_google_access": true,
            "private_ipv6_google_access": "DISABLE_GOOGLE_ACCESS",
            "project": "versatile-bolt-354107",
            "purpose": "PRIVATE",
            "region": "us-central1",
            "role": "",
            "secondary_ip_range": [],
            "self_link": "https://www.googleapis.com/compute/v1/projects/versatile-bolt-354107/regions/us-central1/subnetworks/managed",
            "stack_type": "IPV4_ONLY",
            "timeouts": null
          },
          "sensitive_attributes": [],
          "private": "eyJlMmJmYjczMC1lY2FhLTExZTYtOGY4OC0zNDM2M2JjN2M0YzAiOnsiY3JlYXRlIjoxMjAwMDAwMDAwMDAwLCJkZWxldGUiOjEyMDAwMDAwMDAwMDAsInVwZGF0ZSI6MTIwMDAwMDAwMDAwMH19",
          "dependencies": [
            "module.network.google_compute_network.playground"
          ]
        }
      ]
    },
    {
      "module": "module.network",
      "mode": "managed",
      "type": "google_compute_subnetwork",
      "name": "restricted",
      "provider": "provider[\"registry.terraform.io/hashicorp/google\"]",
      "instances": [
        {
          "schema_version": 0,
          "attributes": {
            "creation_timestamp": "2022-07-29T15:37:08.759-07:00",
            "description": "private subnet GKE private control plane",
            "external_ipv6_prefix": "",
            "fingerprint": null,
            "gateway_address": "10.0.2.1",
            "id": "projects/versatile-bolt-354107/regions/us-central1/subnetworks/restricted",
            "ip_cidr_range": "10.0.2.0/24",
            "ipv6_access_type": "",
            "ipv6_cidr_range": "",
            "log_config": [],
            "name": "restricted",
            "network": "https://www.googleapis.com/compute/v1/projects/versatile-bolt-354107/global/networks/playground",
            "private_ip_google_access": true,
            "private_ipv6_google_access": "DISABLE_GOOGLE_ACCESS",
            "project": "versatile-bolt-354107",
            "purpose": "PRIVATE",
            "region": "us-central1",
            "role": "",
            "secondary_ip_range": [],
            "self_link": "https://www.googleapis.com/compute/v1/projects/versatile-bolt-354107/regions/us-central1/subnetworks/restricted",
            "stack_type": "IPV4_ONLY",
            "timeouts": null
          },
          "sensitive_attributes": [],
          "private": "eyJlMmJmYjczMC1lY2FhLTExZTYtOGY4OC0zNDM2M2JjN2M0YzAiOnsiY3JlYXRlIjoxMjAwMDAwMDAwMDAwLCJkZWxldGUiOjEyMDAwMDAwMDAwMDAsInVwZGF0ZSI6MTIwMDAwMDAwMDAwMH19",
          "dependencies": [
            "module.network.google_compute_network.playground"
          ]
        }
      ]
    }
  ]
}
